
Microsoft Visual Studio Solution File, Format Version 12.00
# Visual Studio 14
VisualStudioVersion = 14.0.22823.1
MinimumVisualStudioVersion = 10.0.40219.1
Project("{A07B5EB6-E848-4116-A8D0-A826331D98C6}") = "SFPkg.StatefulSvcApplication", "SFPkg.StatefulSvcApplication\SFPkg.StatefulSvcApplication.sfproj", "{AA503367-BC32-4548-BCC4-2BADC59E169D}"
EndProject
Project("{FAE04EC0-301F-11D3-BF4B-00C04F79EFBC}") = "SFPkg.StatefulSvc", "SFPkg.StatefulSvc\SFPkg.StatefulSvc.csproj", "{9734311F-0676-419F-93C9-08046777956C}"
EndProject
Global
	GlobalSection(SolutionConfigurationPlatforms) = preSolution
		Debug|x64 = Debug|x64
		Release|x64 = Release|x64
	EndGlobalSection
	GlobalSection(ProjectConfigurationPlatforms) = postSolution
		{AA503367-BC32-4548-BCC4-2BADC59E169D}.Debug|x64.ActiveCfg = Debug|x64
		{AA503367-BC32-4548-BCC4-2BADC59E169D}.Debug|x64.Build.0 = Debug|x64
		{AA503367-BC32-4548-BCC4-2BADC59E169D}.Debug|x64.Deploy.0 = Debug|x64
		{AA503367-BC32-4548-BCC4-2BADC59E169D}.Release|x64.ActiveCfg = Release|x64
		{AA503367-BC32-4548-BCC4-2BADC59E169D}.Release|x64.Build.0 = Release|x64
		{AA503367-BC32-4548-BCC4-2BADC59E169D}.Release|x64.Deploy.0 = Release|x64
		{9734311F-0676-419F-93C9-08046777956C}.Debug|x64.ActiveCfg = Debug|x64
		{9734311F-0676-419F-93C9-08046777956C}.Debug|x64.Build.0 = Debug|x64
		{9734311F-0676-419F-93C9-08046777956C}.Release|x64.ActiveCfg = Release|x64
		{9734311F-0676-419F-93C9-08046777956C}.Release|x64.Build.0 = Release|x64
	EndGlobalSection
	GlobalSection(SolutionProperties) = preSolution
		HideSolutionNode = FALSE
	EndGlobalSection
EndGlobal
